
Microsoft Visual Studio Solution File, Format Version 12.00
# Visual Studio 2013
Project("{FAE04EC0-301F-11D3-BF4B-00C04F79EFBC}") = "UnityVS.INSERT_GAME_NAME_HERE.CSharp", "UnityVS.INSERT_GAME_NAME_HERE.CSharp.csproj", "{07BBA8C1-88B7-0163-CB0F-0A5749F71A81}"
EndProject
Project("{FAE04EC0-301F-11D3-BF4B-00C04F79EFBC}") = "UnityVS.INSERT_GAME_NAME_HERE.CSharp.Editor", "UnityVS.INSERT_GAME_NAME_HERE.CSharp.Editor.csproj", "{99E56F8E-378F-626F-B65E-AE95BAF23BB1}"
EndProject
Global
	GlobalSection(SolutionConfigurationPlatforms) = preSolution
		Debug|Any CPU = Debug|Any CPU
		Release|Any CPU = Release|Any CPU
	EndGlobalSection
	GlobalSection(ProjectConfigurationPlatforms) = postSolution
		{07BBA8C1-88B7-0163-CB0F-0A5749F71A81}.Debug|Any CPU.ActiveCfg = Debug|Any CPU
		{07BBA8C1-88B7-0163-CB0F-0A5749F71A81}.Debug|Any CPU.Build.0 = Debug|Any CPU
		{07BBA8C1-88B7-0163-CB0F-0A5749F71A81}.Release|Any CPU.ActiveCfg = Release|Any CPU
		{07BBA8C1-88B7-0163-CB0F-0A5749F71A81}.Release|Any CPU.Build.0 = Release|Any CPU
		{99E56F8E-378F-626F-B65E-AE95BAF23BB1}.Debug|Any CPU.ActiveCfg = Debug|Any CPU
		{99E56F8E-378F-626F-B65E-AE95BAF23BB1}.Debug|Any CPU.Build.0 = Debug|Any CPU
		{99E56F8E-378F-626F-B65E-AE95BAF23BB1}.Release|Any CPU.ActiveCfg = Release|Any CPU
		{99E56F8E-378F-626F-B65E-AE95BAF23BB1}.Release|Any CPU.Build.0 = Release|Any CPU
	EndGlobalSection
	GlobalSection(SolutionProperties) = preSolution
		HideSolutionNode = FALSE
	EndGlobalSection
EndGlobal
